
Microsoft Visual Studio Solution File, Format Version 12.00
# Visual Studio Version 16
VisualStudioVersion = 16.0.33130.400
MinimumVisualStudioVersion = 10.0.40219.1
Project("{8BC9CEB8-8B4A-11D0-8D11-00A0C91BC942}") = "Console", "Console\Console.vcxproj", "{B661ACB3-8FB1-42A7-B60D-02CC15DDE98C}"
EndProject
Project("{8BC9CEB8-8B4A-11D0-8D11-00A0C91BC942}") = "Console_DeferredTasks", "Console_DeferredTasks\Console_DeferredTasks.vcxproj", "{476C442E-768E-497B-BD91-B3DFD30051FD}"
EndProject
Project("{8BC9CEB8-8B4A-11D0-8D11-00A0C91BC942}") = "Console_QueuedSignal", "Console_QueuedSignal\Console_QueuedSignal.vcxproj", "{0771A27B-557E-4B90-8FAF-D7AD0D6C34A3}"
EndProject
Project("{8BC9CEB8-8B4A-11D0-8D11-00A0C91BC942}") = "App_Cursor", "App_Cursor\App_Cursor.vcxproj", "{29454F5D-D9B5-477F-A102-D4BC5C45CB07}"
EndProject
Project("{8BC9CEB8-8B4A-11D0-8D11-00A0C91BC942}") = "App_StyleSheets", "App_StyleSheets\App_StyleSheets.vcxproj", "{1753D132-B9B4-4FD0-89E2-9BCBF413C422}"
EndProject
Project("{8BC9CEB8-8B4A-11D0-8D11-00A0C91BC942}") = "AppPopup", "App_Popup\AppPopup.vcxproj", "{8B3A3721-F61A-4171-A3DC-15BF85DCACC7}"
EndProject
Global
	GlobalSection(SolutionConfigurationPlatforms) = preSolution
		Debug|x64 = Debug|x64
		Release|x64 = Release|x64
	EndGlobalSection
	GlobalSection(ProjectConfigurationPlatforms) = postSolution
		{B661ACB3-8FB1-42A7-B60D-02CC15DDE98C}.Debug|x64.ActiveCfg = Debug|x64
		{B661ACB3-8FB1-42A7-B60D-02CC15DDE98C}.Debug|x64.Build.0 = Debug|x64
		{B661ACB3-8FB1-42A7-B60D-02CC15DDE98C}.Release|x64.ActiveCfg = Release|x64
		{B661ACB3-8FB1-42A7-B60D-02CC15DDE98C}.Release|x64.Build.0 = Release|x64
		{476C442E-768E-497B-BD91-B3DFD30051FD}.Debug|x64.ActiveCfg = Debug|x64
		{476C442E-768E-497B-BD91-B3DFD30051FD}.Debug|x64.Build.0 = Debug|x64
		{476C442E-768E-497B-BD91-B3DFD30051FD}.Release|x64.ActiveCfg = Release|x64
		{476C442E-768E-497B-BD91-B3DFD30051FD}.Release|x64.Build.0 = Release|x64
		{0771A27B-557E-4B90-8FAF-D7AD0D6C34A3}.Debug|x64.ActiveCfg = Debug|x64
		{0771A27B-557E-4B90-8FAF-D7AD0D6C34A3}.Debug|x64.Build.0 = Debug|x64
		{0771A27B-557E-4B90-8FAF-D7AD0D6C34A3}.Release|x64.ActiveCfg = Release|x64
		{0771A27B-557E-4B90-8FAF-D7AD0D6C34A3}.Release|x64.Build.0 = Release|x64
		{29454F5D-D9B5-477F-A102-D4BC5C45CB07}.Debug|x64.ActiveCfg = Debug|x64
		{29454F5D-D9B5-477F-A102-D4BC5C45CB07}.Debug|x64.Build.0 = Debug|x64
		{29454F5D-D9B5-477F-A102-D4BC5C45CB07}.Release|x64.ActiveCfg = Release|x64
		{29454F5D-D9B5-477F-A102-D4BC5C45CB07}.Release|x64.Build.0 = Release|x64
		{1753D132-B9B4-4FD0-89E2-9BCBF413C422}.Debug|x64.ActiveCfg = Debug|x64
		{1753D132-B9B4-4FD0-89E2-9BCBF413C422}.Debug|x64.Build.0 = Debug|x64
		{1753D132-B9B4-4FD0-89E2-9BCBF413C422}.Release|x64.ActiveCfg = Release|x64
		{1753D132-B9B4-4FD0-89E2-9BCBF413C422}.Release|x64.Build.0 = Release|x64
		{8B3A3721-F61A-4171-A3DC-15BF85DCACC7}.Debug|x64.ActiveCfg = Debug|x64
		{8B3A3721-F61A-4171-A3DC-15BF85DCACC7}.Debug|x64.Build.0 = Debug|x64
		{8B3A3721-F61A-4171-A3DC-15BF85DCACC7}.Release|x64.ActiveCfg = Release|x64
		{8B3A3721-F61A-4171-A3DC-15BF85DCACC7}.Release|x64.Build.0 = Release|x64
	EndGlobalSection
	GlobalSection(SolutionProperties) = preSolution
		HideSolutionNode = FALSE
	EndGlobalSection
	GlobalSection(ExtensibilityGlobals) = postSolution
		SolutionGuid = {D0E2A8EA-9055-4BA7-80CA-7066B132CD6A}
	EndGlobalSection
EndGlobal
