
Microsoft Visual Studio Solution File, Format Version 12.00
# Visual Studio Version 16
VisualStudioVersion = 16.0.33130.400
MinimumVisualStudioVersion = 10.0.40219.1
Project("{8BC9CEB8-8B4A-11D0-8D11-00A0C91BC942}") = "Console", "Console\Console.vcxproj", "{B661ACB3-8FB1-42A7-B60D-02CC15DDE98C}"
EndProject
Project("{8BC9CEB8-8B4A-11D0-8D11-00A0C91BC942}") = "Console_DeferredTasks", "Console_DeferredTasks\Console_DeferredTasks.vcxproj", "{476C442E-768E-497B-BD91-B3DFD30051FD}"
EndProject
Project("{8BC9CEB8-8B4A-11D0-8D11-00A0C91BC942}") = "Console_QueuedSignal", "Console_QueuedSignal\Console_QueuedSignal.vcxproj", "{0771A27B-557E-4B90-8FAF-D7AD0D6C34A3}"
EndProject
Project("{8BC9CEB8-8B4A-11D0-8D11-00A0C91BC942}") = "App_Cursor", "App_Cursor\App_Cursor.vcxproj", "{29454F5D-D9B5-477F-A102-D4BC5C45CB07}"
EndProject
Project("{8BC9CEB8-8B4A-11D0-8D11-00A0C91BC942}") = "App_StyleSheets", "App_StyleSheets\App_StyleSheets.vcxproj", "{1753D132-B9B4-4FD0-89E2-9BCBF413C422}"
EndProject
Project("{8BC9CEB8-8B4A-11D0-8D11-00A0C91BC942}") = "App_Clipboard", "App_Clipboard\App_Clipboard.vcxproj", "{6603DE5A-9926-4922-A6E8-7CE107910941}"
EndProject
Project("{2150E333-8FDC-42A3-9474-1A3956D46DE8}") = "CV", "CV", "{1716ECD3-D504-4B4E-83DC-9987CAB2773F}"
EndProject
Project("{2150E333-8FDC-42A3-9474-1A3956D46DE8}") = "[4] Mykyta Shcherbatiuk", "[4] Mykyta Shcherbatiuk", "{9645F929-8EE8-494E-9C78-826060D73449}"
EndProject
Project("{8BC9CEB8-8B4A-11D0-8D11-00A0C91BC942}") = "Blackjack", "CV\[4] Mykyta Shcherbatiuk\Blackjack\Blackjack.vcxproj", "{962B2481-7600-4E38-AC64-74F303BC8825}"
EndProject
Project("{2150E333-8FDC-42A3-9474-1A3956D46DE8}") = "[7] Kyrylo Stakhov", "[7] Kyrylo Stakhov", "{22B70592-CBE3-4457-9B82-823E502A9641}"
EndProject
Project("{8BC9CEB8-8B4A-11D0-8D11-00A0C91BC942}") = "Blackjack", "CV\[7] Kyrylo Stakhov\Blackjack\Blackjack.vcxproj", "{55EC8DF4-01F5-470D-BFAA-FECADEB2C5C1}"
EndProject
Project("{8BC9CEB8-8B4A-11D0-8D11-00A0C91BC942}") = "AppPopup", "App_Popup\AppPopup.vcxproj", "{8B3A3721-F61A-4171-A3DC-15BF85DCACC7}"
EndProject
Project("{8BC9CEB8-8B4A-11D0-8D11-00A0C91BC942}") = "App_DxMultioutput", "App_DxMultioutput\App_DxMultioutput.vcxproj", "{1757D1A9-9FCA-4E10-AA22-CC0153BD95DC}"
EndProject
Global
	GlobalSection(SolutionConfigurationPlatforms) = preSolution
		Debug|x64 = Debug|x64
		Release|x64 = Release|x64
	EndGlobalSection
	GlobalSection(ProjectConfigurationPlatforms) = postSolution
		{B661ACB3-8FB1-42A7-B60D-02CC15DDE98C}.Debug|x64.ActiveCfg = Debug|x64
		{B661ACB3-8FB1-42A7-B60D-02CC15DDE98C}.Debug|x64.Build.0 = Debug|x64
		{B661ACB3-8FB1-42A7-B60D-02CC15DDE98C}.Release|x64.ActiveCfg = Release|x64
		{B661ACB3-8FB1-42A7-B60D-02CC15DDE98C}.Release|x64.Build.0 = Release|x64
		{476C442E-768E-497B-BD91-B3DFD30051FD}.Debug|x64.ActiveCfg = Debug|x64
		{476C442E-768E-497B-BD91-B3DFD30051FD}.Debug|x64.Build.0 = Debug|x64
		{476C442E-768E-497B-BD91-B3DFD30051FD}.Release|x64.ActiveCfg = Release|x64
		{476C442E-768E-497B-BD91-B3DFD30051FD}.Release|x64.Build.0 = Release|x64
		{0771A27B-557E-4B90-8FAF-D7AD0D6C34A3}.Debug|x64.ActiveCfg = Debug|x64
		{0771A27B-557E-4B90-8FAF-D7AD0D6C34A3}.Debug|x64.Build.0 = Debug|x64
		{0771A27B-557E-4B90-8FAF-D7AD0D6C34A3}.Release|x64.ActiveCfg = Release|x64
		{0771A27B-557E-4B90-8FAF-D7AD0D6C34A3}.Release|x64.Build.0 = Release|x64
		{29454F5D-D9B5-477F-A102-D4BC5C45CB07}.Debug|x64.ActiveCfg = Debug|x64
		{29454F5D-D9B5-477F-A102-D4BC5C45CB07}.Debug|x64.Build.0 = Debug|x64
		{29454F5D-D9B5-477F-A102-D4BC5C45CB07}.Release|x64.ActiveCfg = Release|x64
		{29454F5D-D9B5-477F-A102-D4BC5C45CB07}.Release|x64.Build.0 = Release|x64
		{1753D132-B9B4-4FD0-89E2-9BCBF413C422}.Debug|x64.ActiveCfg = Debug|x64
		{1753D132-B9B4-4FD0-89E2-9BCBF413C422}.Debug|x64.Build.0 = Debug|x64
		{1753D132-B9B4-4FD0-89E2-9BCBF413C422}.Release|x64.ActiveCfg = Release|x64
		{1753D132-B9B4-4FD0-89E2-9BCBF413C422}.Release|x64.Build.0 = Release|x64
		{6603DE5A-9926-4922-A6E8-7CE107910941}.Debug|x64.ActiveCfg = Debug|x64
		{6603DE5A-9926-4922-A6E8-7CE107910941}.Debug|x64.Build.0 = Debug|x64
		{6603DE5A-9926-4922-A6E8-7CE107910941}.Release|x64.ActiveCfg = Release|x64
		{6603DE5A-9926-4922-A6E8-7CE107910941}.Release|x64.Build.0 = Release|x64
		{962B2481-7600-4E38-AC64-74F303BC8825}.Debug|x64.ActiveCfg = Debug|x64
		{962B2481-7600-4E38-AC64-74F303BC8825}.Debug|x64.Build.0 = Debug|x64
		{962B2481-7600-4E38-AC64-74F303BC8825}.Release|x64.ActiveCfg = Release|x64
		{962B2481-7600-4E38-AC64-74F303BC8825}.Release|x64.Build.0 = Release|x64
		{55EC8DF4-01F5-470D-BFAA-FECADEB2C5C1}.Debug|x64.ActiveCfg = Debug|x64
		{55EC8DF4-01F5-470D-BFAA-FECADEB2C5C1}.Debug|x64.Build.0 = Debug|x64
		{55EC8DF4-01F5-470D-BFAA-FECADEB2C5C1}.Release|x64.ActiveCfg = Release|x64
		{55EC8DF4-01F5-470D-BFAA-FECADEB2C5C1}.Release|x64.Build.0 = Release|x64
		{8B3A3721-F61A-4171-A3DC-15BF85DCACC7}.Debug|x64.ActiveCfg = Debug|x64
		{8B3A3721-F61A-4171-A3DC-15BF85DCACC7}.Debug|x64.Build.0 = Debug|x64
		{8B3A3721-F61A-4171-A3DC-15BF85DCACC7}.Release|x64.ActiveCfg = Release|x64
		{8B3A3721-F61A-4171-A3DC-15BF85DCACC7}.Release|x64.Build.0 = Release|x64
		{1757D1A9-9FCA-4E10-AA22-CC0153BD95DC}.Debug|x64.ActiveCfg = Debug|x64
		{1757D1A9-9FCA-4E10-AA22-CC0153BD95DC}.Debug|x64.Build.0 = Debug|x64
		{1757D1A9-9FCA-4E10-AA22-CC0153BD95DC}.Release|x64.ActiveCfg = Release|x64
		{1757D1A9-9FCA-4E10-AA22-CC0153BD95DC}.Release|x64.Build.0 = Release|x64
	EndGlobalSection
	GlobalSection(SolutionProperties) = preSolution
		HideSolutionNode = FALSE
	EndGlobalSection
	GlobalSection(NestedProjects) = preSolution
		{9645F929-8EE8-494E-9C78-826060D73449} = {1716ECD3-D504-4B4E-83DC-9987CAB2773F}
		{962B2481-7600-4E38-AC64-74F303BC8825} = {9645F929-8EE8-494E-9C78-826060D73449}
		{22B70592-CBE3-4457-9B82-823E502A9641} = {1716ECD3-D504-4B4E-83DC-9987CAB2773F}
		{55EC8DF4-01F5-470D-BFAA-FECADEB2C5C1} = {22B70592-CBE3-4457-9B82-823E502A9641}
	EndGlobalSection
	GlobalSection(ExtensibilityGlobals) = postSolution
		SolutionGuid = {D0E2A8EA-9055-4BA7-80CA-7066B132CD6A}
	EndGlobalSection
EndGlobal
