<?xml version="1.0" encoding="utf-8"?>
<Project ToolsVersion="4.0" xmlns="http://schemas.microsoft.com/developer/msbuild/2003">
  <ItemGroup>
    <Filter Include="Source Files">
      <UniqueIdentifier>{4FC737F1-C7A5-4376-A066-2A32D752A2FF}</UniqueIdentifier>
      <Extensions>qml;cpp;c;cc;cxx;def;odl;idl;hpj;bat;asm;asmx</Extensions>
    </Filter>
    <Filter Include="Source Files\[1] Console language problem">
      <UniqueIdentifier>{745a3dfe-f3d6-4f3d-a7a3-cbaf6076d55a}</UniqueIdentifier>
    </Filter>
    <Filter Include="Source Files\[2] Layouts">
      <UniqueIdentifier>{4951a384-4c0e-4639-86cd-cbb2c2ba709a}</UniqueIdentifier>
    </Filter>
    <Filter Include="Source Files\[3] Connect expired ptr">
      <UniqueIdentifier>{847a989a-e105-4c25-85e4-98404b09a5be}</UniqueIdentifier>
    </Filter>
    <Filter Include="Source Files\[4] Loader">
      <UniqueIdentifier>{f966488b-69f8-4cd4-bae4-6dabf22b5665}</UniqueIdentifier>
    </Filter>
    <Filter Include="Source Files\[5] StyleSheets">
      <UniqueIdentifier>{ffa2e2fc-4aa9-48b2-bbd7-73bf37d0dfd3}</UniqueIdentifier>
    </Filter>
  </ItemGroup>
  <ItemGroup>
    <ClInclude Include="SharedMacros.h">
      <Filter>Source Files</Filter>
    </ClInclude>
    <ClInclude Include="HelpersQt.h">
      <Filter>Source Files</Filter>
    </ClInclude>
  </ItemGroup>
  <ItemGroup>
    <ClCompile Include="HelpersQt.cpp">
      <Filter>Source Files</Filter>
    </ClCompile>
    <ClCompile Include="[5] StyleSheets\CustomButton.cpp">
      <Filter>Source Files\[5] StyleSheets</Filter>
    </ClCompile>
    <ClCompile Include="[5] StyleSheets\CustomShadowEffect.cpp">
      <Filter>Source Files\[5] StyleSheets</Filter>
    </ClCompile>
    <ClCompile Include="[5] StyleSheets\main.cpp">
      <Filter>Source Files\[5] StyleSheets</Filter>
    </ClCompile>
    <ClCompile Include="[5] StyleSheets\MainWindow.cpp">
      <Filter>Source Files\[5] StyleSheets</Filter>
    </ClCompile>
  </ItemGroup>
  <ItemGroup>
    <QtMoc Include="[5] StyleSheets\CustomButton.h">
      <Filter>Source Files\[5] StyleSheets</Filter>
    </QtMoc>
    <QtMoc Include="[5] StyleSheets\CustomShadowEffect.h">
      <Filter>Source Files\[5] StyleSheets</Filter>
    </QtMoc>
    <QtMoc Include="[5] StyleSheets\MainWindow.h" />
  </ItemGroup>
</Project>