<?xml version="1.0" encoding="utf-8"?>
<Project ToolsVersion="4.0" xmlns="http://schemas.microsoft.com/developer/msbuild/2003">
  <ItemGroup>
    <Filter Include="Source Files">
      <UniqueIdentifier>{4FC737F1-C7A5-4376-A066-2A32D752A2FF}</UniqueIdentifier>
      <Extensions>qml;cpp;c;cc;cxx;def;odl;idl;hpj;bat;asm;asmx</Extensions>
    </Filter>
    <Filter Include="Header Files">
      <UniqueIdentifier>{93995380-89BD-4b04-88EB-625FBE52EBFB}</UniqueIdentifier>
      <Extensions>h;hh;hpp;hxx;hm;inl;inc;xsd</Extensions>
    </Filter>
    <Filter Include="Source Files\[1] Console language problem">
      <UniqueIdentifier>{745a3dfe-f3d6-4f3d-a7a3-cbaf6076d55a}</UniqueIdentifier>
    </Filter>
    <Filter Include="Source Files\[2] Layouts">
      <UniqueIdentifier>{4951a384-4c0e-4639-86cd-cbb2c2ba709a}</UniqueIdentifier>
    </Filter>
    <Filter Include="Source Files\[3] Connect expired ptr">
      <UniqueIdentifier>{847a989a-e105-4c25-85e4-98404b09a5be}</UniqueIdentifier>
    </Filter>
    <Filter Include="Source Files\[4] Loader">
      <UniqueIdentifier>{f966488b-69f8-4cd4-bae4-6dabf22b5665}</UniqueIdentifier>
    </Filter>
  </ItemGroup>
  <ItemGroup>
    <ClCompile Include="HelpersQt.cpp">
      <Filter>Source Files</Filter>
    </ClCompile>
    <ClCompile Include="[2] Layouts\main.cpp">
      <Filter>Source Files\[2] Layouts</Filter>
    </ClCompile>
    <ClCompile Include="[2] Layouts\MainWindow.cpp">
      <Filter>Source Files\[2] Layouts</Filter>
    </ClCompile>
    <ClCompile Include="[1] Console language problem\main.cpp">
      <Filter>Source Files\[1] Console language problem</Filter>
    </ClCompile>
    <ClCompile Include="[1] Console language problem\MainWindow.cpp">
      <Filter>Source Files\[1] Console language problem</Filter>
    </ClCompile>
    <ClCompile Include="[3] Connect expired ptr\main.cpp">
      <Filter>Source Files\[3] Connect expired ptr</Filter>
    </ClCompile>
    <ClCompile Include="[3] Connect expired ptr\MainWindow.cpp">
      <Filter>Source Files\[3] Connect expired ptr</Filter>
    </ClCompile>
    <ClCompile Include="[3] Connect expired ptr\RemoteDesktopWindow.cpp">
      <Filter>Source Files\[3] Connect expired ptr</Filter>
    </ClCompile>
    <ClCompile Include="[4] Loader\main.cpp">
      <Filter>Source Files\[4] Loader</Filter>
    </ClCompile>
    <ClCompile Include="[4] Loader\MainWindow.cpp">
      <Filter>Source Files\[4] Loader</Filter>
    </ClCompile>
    <ClCompile Include="[4] Loader\Loader.cpp">
      <Filter>Source Files\[4] Loader</Filter>
    </ClCompile>
  </ItemGroup>
  <ItemGroup>
    <ClInclude Include="HelpersQt.h">
      <Filter>Source Files</Filter>
    </ClInclude>
    <ClInclude Include="[1] Console language problem\MainWindow.h">
      <Filter>Source Files\[1] Console language problem</Filter>
    </ClInclude>
    <ClInclude Include="[3] Connect expired ptr\MainWindow.h">
      <Filter>Source Files\[3] Connect expired ptr</Filter>
    </ClInclude>
    <ClInclude Include="[3] Connect expired ptr\RemoteDesktopWindow.h">
      <Filter>Source Files\[3] Connect expired ptr</Filter>
    </ClInclude>
    <ClInclude Include="[2] Layouts\MainWindow.h">
      <Filter>Source Files\[2] Layouts</Filter>
    </ClInclude>
  </ItemGroup>
  <ItemGroup>
    <QtMoc Include="[4] Loader\MainWindow.h">
      <Filter>Source Files\[4] Loader</Filter>
    </QtMoc>
    <QtMoc Include="[4] Loader\Loader.h">
      <Filter>Source Files\[4] Loader</Filter>
    </QtMoc>
  </ItemGroup>
</Project>