<?xml version="1.0" encoding="utf-8"?>
<Project ToolsVersion="4.0" xmlns="http://schemas.microsoft.com/developer/msbuild/2003">
  <ItemGroup>
    <Filter Include="Source Files">
      <UniqueIdentifier>{4FC737F1-C7A5-4376-A066-2A32D752A2FF}</UniqueIdentifier>
      <Extensions>qml;cpp;c;cc;cxx;def;odl;idl;hpj;bat;asm;asmx</Extensions>
    </Filter>
    <Filter Include="Header Files">
      <UniqueIdentifier>{93995380-89BD-4b04-88EB-625FBE52EBFB}</UniqueIdentifier>
      <Extensions>h;hh;hpp;hxx;hm;inl;inc;xsd</Extensions>
    </Filter>
    <Filter Include="Resource Files">
      <UniqueIdentifier>{67DA6AB6-F800-4c08-8B7A-83BB121AAD01}</UniqueIdentifier>
      <Extensions>qrc;rc;ico;cur;bmp;dlg;rc2;rct;bin;rgs;gif;jpg;jpeg;jpe;resx;tiff;tif;png;wav;mfcribbon-ms</Extensions>
    </Filter>
    <Filter Include="Form Files">
      <UniqueIdentifier>{99349809-55BA-4b9d-BF79-8FDBB0286EB3}</UniqueIdentifier>
      <Extensions>ui</Extensions>
    </Filter>
    <Filter Include="Translation Files">
      <UniqueIdentifier>{639EADAA-A684-42e4-A9AD-28FC9BCB8F7C}</UniqueIdentifier>
      <Extensions>ts</Extensions>
    </Filter>
  </ItemGroup>
  <ItemGroup>
    <QtRcc Include="resources.qrc">
      <Filter>Resource Files</Filter>
    </QtRcc>
  </ItemGroup>
  <ItemGroup>
    <QtUic Include="src\gameui\bjwindow.ui">
      <Filter>Form Files</Filter>
    </QtUic>
    <QtUic Include="src\widgets\betcontrols.ui">
      <Filter>Form Files</Filter>
    </QtUic>
    <QtUic Include="src\widgets\gamecontrols.ui">
      <Filter>Form Files</Filter>
    </QtUic>
    <QtUic Include="src\widgets\gameendmessage.ui">
      <Filter>Form Files</Filter>
    </QtUic>
    <QtUic Include="src\widgets\gameinfo.ui">
      <Filter>Form Files</Filter>
    </QtUic>
    <QtUic Include="src\widgets\handinfo.ui">
      <Filter>Form Files</Filter>
    </QtUic>
  </ItemGroup>
  <ItemGroup>
    <ClCompile Include="src\widgets\handinfo.cpp">
      <Filter>Source Files</Filter>
    </ClCompile>
    <ClCompile Include="src\widgets\gamesceneview.cpp">
      <Filter>Source Files</Filter>
    </ClCompile>
    <ClCompile Include="src\widgets\gameinfo.cpp">
      <Filter>Source Files</Filter>
    </ClCompile>
    <ClCompile Include="src\widgets\gameendmessage.cpp">
      <Filter>Source Files</Filter>
    </ClCompile>
    <ClCompile Include="src\widgets\gamecontrols.cpp">
      <Filter>Source Files</Filter>
    </ClCompile>
    <ClCompile Include="src\widgets\betcontrols.cpp">
      <Filter>Source Files</Filter>
    </ClCompile>
    <ClCompile Include="src\util\qutil.cpp">
      <Filter>Source Files</Filter>
    </ClCompile>
    <ClCompile Include="src\graphics\scene.cpp">
      <Filter>Source Files</Filter>
    </ClCompile>
    <ClCompile Include="src\graphics\spritesheet.cpp">
      <Filter>Source Files</Filter>
    </ClCompile>
    <ClCompile Include="src\gameui\bjwindow.cpp">
      <Filter>Source Files</Filter>
    </ClCompile>
    <ClCompile Include="src\gameui\gameconfig.cpp">
      <Filter>Source Files</Filter>
    </ClCompile>
    <ClCompile Include="src\blackjack\blackjack.cpp">
      <Filter>Source Files</Filter>
    </ClCompile>
    <ClCompile Include="src\blackjack\card.cpp">
      <Filter>Source Files</Filter>
    </ClCompile>
    <ClCompile Include="src\blackjack\deck.cpp">
      <Filter>Source Files</Filter>
    </ClCompile>
    <ClCompile Include="src\blackjack\hand.cpp">
      <Filter>Source Files</Filter>
    </ClCompile>
    <ClCompile Include="src\audio\gameaudio.cpp">
      <Filter>Source Files</Filter>
    </ClCompile>
    <ClCompile Include="src\main.cpp">
      <Filter>Source Files</Filter>
    </ClCompile>
    <ClCompile Include="src\resources.cpp">
      <Filter>Source Files</Filter>
    </ClCompile>
  </ItemGroup>
  <ItemGroup>
    <QtMoc Include="src\widgets\betcontrols.h">
      <Filter>Header Files</Filter>
    </QtMoc>
    <QtMoc Include="src\gameui\bjwindow.h">
      <Filter>Header Files</Filter>
    </QtMoc>
    <QtMoc Include="src\blackjack\card.h">
      <Filter>Header Files</Filter>
    </QtMoc>
    <QtMoc Include="src\widgets\gamecontrols.h">
      <Filter>Header Files</Filter>
    </QtMoc>
    <QtMoc Include="src\widgets\gameendmessage.h">
      <Filter>Header Files</Filter>
    </QtMoc>
    <QtMoc Include="src\widgets\gameinfo.h">
      <Filter>Header Files</Filter>
    </QtMoc>
    <QtMoc Include="src\widgets\gamesceneview.h">
      <Filter>Header Files</Filter>
    </QtMoc>
    <QtMoc Include="src\blackjack\hand.h">
      <Filter>Header Files</Filter>
    </QtMoc>
    <QtMoc Include="src\widgets\handinfo.h">
      <Filter>Header Files</Filter>
    </QtMoc>
  </ItemGroup>
  <ItemGroup>
    <ClInclude Include="src\blackjack\blackjack.h">
      <Filter>Header Files</Filter>
    </ClInclude>
    <ClInclude Include="src\blackjack\deck.h">
      <Filter>Header Files</Filter>
    </ClInclude>
    <ClInclude Include="src\util\dialogs.h">
      <Filter>Header Files</Filter>
    </ClInclude>
    <ClInclude Include="src\audio\gameaudio.h">
      <Filter>Header Files</Filter>
    </ClInclude>
    <ClInclude Include="src\gameui\gameconfig.h">
      <Filter>Header Files</Filter>
    </ClInclude>
    <ClInclude Include="src\util\qutil.h">
      <Filter>Header Files</Filter>
    </ClInclude>
    <ClInclude Include="src\graphics\scene.h">
      <Filter>Header Files</Filter>
    </ClInclude>
    <ClInclude Include="src\graphics\spritesheet.h">
      <Filter>Header Files</Filter>
    </ClInclude>
    <ClInclude Include="src\resources.h">
      <Filter>Header Files</Filter>
    </ClInclude>
    <ClInclude Include="src\types.h">
      <Filter>Header Files</Filter>
    </ClInclude>
  </ItemGroup>
</Project>